
Microsoft Visual Studio Solution File, Format Version 12.00
# Visual Studio Version 16
VisualStudioVersion = 16.0.31112.23
MinimumVisualStudioVersion = 10.0.40219.1
Project("{FAE04EC0-301F-11D3-BF4B-00C04F79EFBC}") = "WhiteBoard_SignalR", "WhiteBoard_SignalR\WhiteBoard_SignalR.csproj", "{216B8AA5-A72A-44A2-AA6B-9A196FBB0385}"
EndProject
Global
	GlobalSection(SolutionConfigurationPlatforms) = preSolution
		Debug|Any CPU = Debug|Any CPU
		Release|Any CPU = Release|Any CPU
	EndGlobalSection
	GlobalSection(ProjectConfigurationPlatforms) = postSolution
		{216B8AA5-A72A-44A2-AA6B-9A196FBB0385}.Debug|Any CPU.ActiveCfg = Debug|Any CPU
		{216B8AA5-A72A-44A2-AA6B-9A196FBB0385}.Debug|Any CPU.Build.0 = Debug|Any CPU
		{216B8AA5-A72A-44A2-AA6B-9A196FBB0385}.Release|Any CPU.ActiveCfg = Release|Any CPU
		{216B8AA5-A72A-44A2-AA6B-9A196FBB0385}.Release|Any CPU.Build.0 = Release|Any CPU
	EndGlobalSection
	GlobalSection(SolutionProperties) = preSolution
		HideSolutionNode = FALSE
	EndGlobalSection
	GlobalSection(ExtensibilityGlobals) = postSolution
		SolutionGuid = {71DEB62C-6D6E-4A5B-9694-F0F1E8B1D408}
	EndGlobalSection
EndGlobal
